
Microsoft Visual Studio Solution File, Format Version 12.00
# Visual Studio Version 16
VisualStudioVersion = 16.0.30711.63
MinimumVisualStudioVersion = 10.0.40219.1
Project("{F184B08F-C81C-45F6-A57F-5ABD9991F28F}") = "Password Generator", "Password Generator\Password Generator.vbproj", "{B5AD1A52-1F1E-4B42-9212-0FA2C52653AC}"
EndProject
Global
	GlobalSection(SolutionConfigurationPlatforms) = preSolution
		Debug|Any CPU = Debug|Any CPU
		Release|Any CPU = Release|Any CPU
	EndGlobalSection
	GlobalSection(ProjectConfigurationPlatforms) = postSolution
		{B5AD1A52-1F1E-4B42-9212-0FA2C52653AC}.Debug|Any CPU.ActiveCfg = Debug|Any CPU
		{B5AD1A52-1F1E-4B42-9212-0FA2C52653AC}.Debug|Any CPU.Build.0 = Debug|Any CPU
		{B5AD1A52-1F1E-4B42-9212-0FA2C52653AC}.Release|Any CPU.ActiveCfg = Release|Any CPU
		{B5AD1A52-1F1E-4B42-9212-0FA2C52653AC}.Release|Any CPU.Build.0 = Release|Any CPU
	EndGlobalSection
	GlobalSection(SolutionProperties) = preSolution
		HideSolutionNode = FALSE
	EndGlobalSection
	GlobalSection(ExtensibilityGlobals) = postSolution
		SolutionGuid = {A9E8B717-7FB4-43EE-9F44-8E462CECDAC3}
	EndGlobalSection
EndGlobal
